
Microsoft Visual Studio Solution File, Format Version 12.00
# Visual Studio 15
VisualStudioVersion = 15.0.27428.2005
MinimumVisualStudioVersion = 10.0.40219.1
Project("{FAE04EC0-301F-11D3-BF4B-00C04F79EFBC}") = "FriendOrganizer.UI", "FriendOrganizer.UI\FriendOrganizer.UI.csproj", "{F6F3EC25-20EB-4547-8615-3564D74CE2D4}"
EndProject
Global
	GlobalSection(SolutionConfigurationPlatforms) = preSolution
		Debug|Any CPU = Debug|Any CPU
		Release|Any CPU = Release|Any CPU
	EndGlobalSection
	GlobalSection(ProjectConfigurationPlatforms) = postSolution
		{F6F3EC25-20EB-4547-8615-3564D74CE2D4}.Debug|Any CPU.ActiveCfg = Debug|Any CPU
		{F6F3EC25-20EB-4547-8615-3564D74CE2D4}.Debug|Any CPU.Build.0 = Debug|Any CPU
		{F6F3EC25-20EB-4547-8615-3564D74CE2D4}.Release|Any CPU.ActiveCfg = Release|Any CPU
		{F6F3EC25-20EB-4547-8615-3564D74CE2D4}.Release|Any CPU.Build.0 = Release|Any CPU
	EndGlobalSection
	GlobalSection(SolutionProperties) = preSolution
		HideSolutionNode = FALSE
	EndGlobalSection
	GlobalSection(ExtensibilityGlobals) = postSolution
		SolutionGuid = {4F0D1773-29BC-431A-B573-35D5ED1111D9}
	EndGlobalSection
EndGlobal
